# THIS IS AN AUTOGENERATED FILE. DO NOT EDIT THIS FILE DIRECTLY.
# yarn lockfile v1


compromise@^11.12.0:
  version "11.12.0"
  resolved "https://registry.yarnpkg.com/compromise/-/compromise-11.12.0.tgz#4da03a8eaf68da6a6cf7d7ded37685c0c6d7fc6c"
  dependencies:
    efrt-unpack "2.0.3"

efrt-unpack@2.0.3:
  version "2.0.3"
  resolved "https://registry.yarnpkg.com/efrt-unpack/-/efrt-unpack-2.0.3.tgz#6ada57793e3dda16d182f6a371fbe3d135af9dc2"

"nlpl-core@file:../core":
  version "0.1.0"
  dependencies:
    compromise "^11.12.0"
